// !$*UTF8*$!
{
	archiveVersion = 1;
	classes = {
	};
	objectVersion = 46;
	objects = {

/* Begin PBXBuildFile section */
		88DB8AA11A73168400BBA941 /* main.m in Sources */ = {isa = PBXBuildFile; fileRef = 88DB8AA01A73168400BBA941 /* main.m */; };
		88DB8AA41A73168400BBA941 /* AppDelegate.m in Sources */ = {isa = PBXBuildFile; fileRef = 88DB8AA31A73168400BBA941 /* AppDelegate.m */; };
		88DB8AA71A73168400BBA941 /* ViewController.m in Sources */ = {isa = PBXBuildFile; fileRef = 88DB8AA61A73168400BBA941 /* ViewController.m */; };
		88DB8AAA1A73168400BBA941 /* Main.storyboard in Resources */ = {isa = PBXBuildFile; fileRef = 88DB8AA81A73168400BBA941 /* Main.storyboard */; };
		88DB8AAC1A73168400BBA941 /* Images.xcassets in Resources */ = {isa = PBXBuildFile; fileRef = 88DB8AAB1A73168400BBA941 /* Images.xcassets */; };
		88DB8AAF1A73168400BBA941 /* LaunchScreen.xib in Resources */ = {isa = PBXBuildFile; fileRef = 88DB8AAD1A73168400BBA941 /* LaunchScreen.xib */; };
		88DB8ABB1A73168400BBA941 /* FingerPaintAppTests.m in Sources */ = {isa = PBXBuildFile; fileRef = 88DB8ABA1A73168400BBA941 /* FingerPaintAppTests.m */; };
/* End PBXBuildFile section */

/* Begin PBXContainerItemProxy section */
		88DB8AB51A73168400BBA941 /* PBXContainerItemProxy */ = {
			isa = PBXContainerItemProxy;
			containerPortal = 88DB8A931A73168400BBA941 /* Project object */;
			proxyType = 1;
			remoteGlobalIDString = 88DB8A9A1A73168400BBA941;
			remoteInfo = FingerPaintApp;
		};
/* End PBXContainerItemProxy section */

/* Begin PBXFileReference section */
		88DB8A9B1A73168400BBA941 /* FingerPaintApp.app */ = {isa = PBXFileReference; explicitFileType = wrapper.application; includeInIndex = 0; path = FingerPaintApp.app; sourceTree = BUILT_PRODUCTS_DIR; };
		88DB8A9F1A73168400BBA941 /* Info.plist */ = {isa = PBXFileReference; lastKnownFileType = text.plist.xml; path = Info.plist; sourceTree = "<group>"; };
		88DB8AA01A73168400BBA941 /* main.m */ = {isa = PBXFileReference; lastKnownFileType = sourcecode.c.objc; path = main.m; sourceTree = "<group>"; };
		88DB8AA21A73168400BBA941 /* AppDelegate.h */ = {isa = PBXFileReference; lastKnownFileType = sourcecode.c.h; path = AppDelegate.h; sourceTree = "<group>"; };
		88DB8AA31A73168400BBA941 /* AppDelegate.m */ = {isa = PBXFileReference; lastKnownFileType = sourcecode.c.objc; path = AppDelegate.m; sourceTree = "<group>"; };
		88DB8AA51A73168400BBA941 /* ViewController.h */ = {isa = PBXFileReference; lastKnownFileType = sourcecode.c.h; path = ViewController.h; sourceTree = "<group>"; };
		88DB8AA61A73168400BBA941 /* ViewController.m */ = {isa = PBXFileReference; lastKnownFileType = sourcecode.c.objc; path = ViewController.m; sourceTree = "<group>"; };
		88DB8AA91A73168400BBA941 /* Base */ = {isa = PBXFileReference; lastKnownFileType = file.storyboard; name = Base; path = Base.lproj/Main.storyboard; sourceTree = "<group>"; };
		88DB8AAB1A73168400BBA941 /* Images.xcassets */ = {isa = PBXFileReference; lastKnownFileType = folder.assetcatalog; path = Images.xcassets; sourceTree = "<group>"; };
		88DB8AAE1A73168400BBA941 /* Base */ = {isa = PBXFileReference; lastKnownFileType = file.xib; name = Base; path = Base.lproj/LaunchScreen.xib; sourceTree = "<group>"; };
		88DB8AB41A73168400BBA941 /* FingerPaintAppTests.xctest */ = {isa = PBXFileReference; explicitFileType = wrapper.cfbundle; includeInIndex = 0; path = FingerPaintAppTests.xctest; sourceTree = BUILT_PRODUCTS_DIR; };
		88DB8AB91A73168400BBA941 /* Info.plist */ = {isa = PBXFileReference; lastKnownFileType = text.plist.xml; path = Info.plist; sourceTree = "<group>"; };
		88DB8ABA1A73168400BBA941 /* FingerPaintAppTests.m */ = {isa = PBXFileReference; lastKnownFileType = sourcecode.c.objc; path = FingerPaintAppTests.m; sourceTree = "<group>"; };
/* End PBXFileReference section */

/* Begin PBXFrameworksBuildPhase section */
		88DB8A981A73168400BBA941 /* Frameworks */ = {
			isa = PBXFrameworksBuildPhase;
			buildActionMask = 2147483647;
			files = (
			);
			runOnlyForDeploymentPostprocessing = 0;
		};
		88DB8AB11A73168400BBA941 /* Frameworks */ = {
			isa = PBXFrameworksBuildPhase;
			buildActionMask = 2147483647;
			files = (
			);
			runOnlyForDeploymentPostprocessing = 0;
		};
/* End PBXFrameworksBuildPhase section */

/* Begin PBXGroup section */
		88DB8A921A73168400BBA941 = {
			isa = PBXGroup;
			children = (
				88DB8A9D1A73168400BBA941 /* FingerPaintApp */,
				88DB8AB71A73168400BBA941 /* FingerPaintAppTests */,
				88DB8A9C1A73168400BBA941 /* Products */,
			);
			sourceTree = "<group>";
		};
		88DB8A9C1A73168400BBA941 /* Products */ = {
			isa = PBXGroup;
			children = (
				88DB8A9B1A73168400BBA941 /* FingerPaintApp.app */,
				88DB8AB41A73168400BBA941 /* FingerPaintAppTests.xctest */,
			);
			name = Products;
			sourceTree = "<group>";
		};
		88DB8A9D1A73168400BBA941 /* FingerPaintApp */ = {
			isa = PBXGroup;
			children = (
				88DB8AA21A73168400BBA941 /* AppDelegate.h */,
				88DB8AA31A73168400BBA941 /* AppDelegate.m */,
				88DB8AA51A73168400BBA941 /* ViewController.h */,
				88DB8AA61A73168400BBA941 /* ViewController.m */,
				88DB8AA81A73168400BBA941 /* Main.storyboard */,
				88DB8AAB1A73168400BBA941 /* Images.xcassets */,
				88DB8AAD1A73168400BBA941 /* LaunchScreen.xib */,
				88DB8A9E1A73168400BBA941 /* Supporting Files */,
			);
			path = FingerPaintApp;
			sourceTree = "<group>";
		};
		88DB8A9E1A73168400BBA941 /* Supporting Files */ = {
			isa = PBXGroup;
			children = (
				88DB8A9F1A73168400BBA941 /* Info.plist */,
				88DB8AA01A73168400BBA941 /* main.m */,
			);
			name = "Supporting Files";
			sourceTree = "<group>";
		};
		88DB8AB71A73168400BBA941 /* FingerPaintAppTests */ = {
			isa = PBXGroup;
			children = (
				88DB8ABA1A73168400BBA941 /* FingerPaintAppTests.m */,
				88DB8AB81A73168400BBA941 /* Supporting Files */,
			);
			path = FingerPaintAppTests;
			sourceTree = "<group>";
		};
		88DB8AB81A73168400BBA941 /* Supporting Files */ = {
			isa = PBXGroup;
			children = (
				88DB8AB91A73168400BBA941 /* Info.plist */,
			);
			name = "Supporting Files";
			sourceTree = "<group>";
		};
/* End PBXGroup section */

/* Begin PBXNativeTarget section */
		88DB8A9A1A73168400BBA941 /* FingerPaintApp */ = {
			isa = PBXNativeTarget;
			buildConfigurationList = 88DB8ABE1A73168400BBA941 /* Build configuration list for PBXNativeTarget "FingerPaintApp" */;
			buildPhases = (
				88DB8A971A73168400BBA941 /* Sources */,
				88DB8A981A73168400BBA941 /* Frameworks */,
				88DB8A991A73168400BBA941 /* Resources */,
			);
			buildRules = (
			);
			dependencies = (
			);
			name = FingerPaintApp;
			productName = FingerPaintApp;
			productReference = 88DB8A9B1A73168400BBA941 /* FingerPaintApp.app */;
			productType = "com.apple.product-type.application";
		};
		88DB8AB31A73168400BBA941 /* FingerPaintAppTests */ = {
			isa = PBXNativeTarget;
			buildConfigurationList = 88DB8AC11A73168400BBA941 /* Build configuration list for PBXNativeTarget "FingerPaintAppTests" */;
			buildPhases = (
				88DB8AB01A73168400BBA941 /* Sources */,
				88DB8AB11A73168400BBA941 /* Frameworks */,
				88DB8AB21A73168400BBA941 /* Resources */,
			);
			buildRules = (
			);
			dependencies = (
				88DB8AB61A73168400BBA941 /* PBXTargetDependency */,
			);
			name = FingerPaintAppTests;
			productName = FingerPaintAppTests;
			productReference = 88DB8AB41A73168400BBA941 /* FingerPaintAppTests.xctest */;
			productType = "com.apple.product-type.bundle.unit-test";
		};
/* End PBXNativeTarget section */

/* Begin PBXProject section */
		88DB8A931A73168400BBA941 /* Project object */ = {
			isa = PBXProject;
			attributes = {
				LastUpgradeCheck = 0610;
				ORGANIZATIONNAME = "Renato Camilio";
				TargetAttributes = {
					88DB8A9A1A73168400BBA941 = {
						CreatedOnToolsVersion = 6.1.1;
					};
					88DB8AB31A73168400BBA941 = {
						CreatedOnToolsVersion = 6.1.1;
						TestTargetID = 88DB8A9A1A73168400BBA941;
					};
				};
			};
			buildConfigurationList = 88DB8A961A73168400BBA941 /* Build configuration list for PBXProject "FingerPaintApp" */;
			compatibilityVersion = "Xcode 3.2";
			developmentRegion = English;
			hasScannedForEncodings = 0;
			knownRegions = (
				en,
				Base,
			);
			mainGroup = 88DB8A921A73168400BBA941;
			productRefGroup = 88DB8A9C1A73168400BBA941 /* Products */;
			projectDirPath = "";
			projectRoot = "";
			targets = (
				88DB8A9A1A73168400BBA941 /* FingerPaintApp */,
				88DB8AB31A73168400BBA941 /* FingerPaintAppTests */,
			);
		};
/* End PBXProject section */

/* Begin PBXResourcesBuildPhase section */
		88DB8A991A73168400BBA941 /* Resources */ = {
			isa = PBXResourcesBuildPhase;
			buildActionMask = 2147483647;
			files = (
				88DB8AAA1A73168400BBA941 /* Main.storyboard in Resources */,
				88DB8AAF1A73168400BBA941 /* LaunchScreen.xib in Resources */,
				88DB8AAC1A73168400BBA941 /* Images.xcassets in Resources */,
			);
			runOnlyForDeploymentPostprocessing = 0;
		};
		88DB8AB21A73168400BBA941 /* Resources */ = {
			isa = PBXResourcesBuildPhase;
			buildActionMask = 2147483647;
			files = (
			);
			runOnlyForDeploymentPostprocessing = 0;
		};
/* End PBXResourcesBuildPhase section */

/* Begin PBXSourcesBuildPhase section */
		88DB8A971A73168400BBA941 /* Sources */ = {
			isa = PBXSourcesBuildPhase;
			buildActionMask = 2147483647;
			files = (
				88DB8AA71A73168400BBA941 /* ViewController.m in Sources */,
				88DB8AA41A73168400BBA941 /* AppDelegate.m in Sources */,
				88DB8AA11A73168400BBA941 /* main.m in Sources */,
			);
			runOnlyForDeploymentPostprocessing = 0;
		};
		88DB8AB01A73168400BBA941 /* Sources */ = {
			isa = PBXSourcesBuildPhase;
			buildActionMask = 2147483647;
			files = (
				88DB8ABB1A73168400BBA941 /* FingerPaintAppTests.m in Sources */,
			);
			runOnlyForDeploymentPostprocessing = 0;
		};
/* End PBXSourcesBuildPhase section */

/* Begin PBXTargetDependency section */
		88DB8AB61A73168400BBA941 /* PBXTargetDependency */ = {
			isa = PBXTargetDependency;
			target = 88DB8A9A1A73168400BBA941 /* FingerPaintApp */;
			targetProxy = 88DB8AB51A73168400BBA941 /* PBXContainerItemProxy */;
		};
/* End PBXTargetDependency section */

/* Begin PBXVariantGroup section */
		88DB8AA81A73168400BBA941 /* Main.storyboard */ = {
			isa = PBXVariantGroup;
			children = (
				88DB8AA91A73168400BBA941 /* Base */,
			);
			name = Main.storyboard;
			sourceTree = "<group>";
		};
		88DB8AAD1A73168400BBA941 /* LaunchScreen.xib */ = {
			isa = PBXVariantGroup;
			children = (
				88DB8AAE1A73168400BBA941 /* Base */,
			);
			name = LaunchScreen.xib;
			sourceTree = "<group>";
		};
/* End PBXVariantGroup section */

/* Begin XCBuildConfiguration section */
		88DB8ABC1A73168400BBA941 /* Debug */ = {
			isa = XCBuildConfiguration;
			buildSettings = {
				ALWAYS_SEARCH_USER_PATHS = NO;
				CLANG_CXX_LANGUAGE_STANDARD = "gnu++0x";
				CLANG_CXX_LIBRARY = "libc++";
				CLANG_ENABLE_MODULES = YES;
				CLANG_ENABLE_OBJC_ARC = YES;
				CLANG_WARN_BOOL_CONVERSION = YES;
				CLANG_WARN_CONSTANT_CONVERSION = YES;
				CLANG_WARN_DIRECT_OBJC_ISA_USAGE = YES_ERROR;
				CLANG_WARN_EMPTY_BODY = YES;
				CLANG_WARN_ENUM_CONVERSION = YES;
				CLANG_WARN_INT_CONVERSION = YES;
				CLANG_WARN_OBJC_ROOT_CLASS = YES_ERROR;
				CLANG_WARN_UNREACHABLE_CODE = YES;
				CLANG_WARN__DUPLICATE_METHOD_MATCH = YES;
				"CODE_SIGN_IDENTITY[sdk=iphoneos*]" = "iPhone Developer";
				COPY_PHASE_STRIP = NO;
				ENABLE_STRICT_OBJC_MSGSEND = YES;
				GCC_C_LANGUAGE_STANDARD = gnu99;
				GCC_DYNAMIC_NO_PIC = NO;
				GCC_OPTIMIZATION_LEVEL = 0;
				GCC_PREPROCESSOR_DEFINITIONS = (
					"DEBUG=1",
					"$(inherited)",
				);
				GCC_SYMBOLS_PRIVATE_EXTERN = NO;
				GCC_WARN_64_TO_32_BIT_CONVERSION = YES;
				GCC_WARN_ABOUT_RETURN_TYPE = YES_ERROR;
				GCC_WARN_UNDECLARED_SELECTOR = YES;
				GCC_WARN_UNINITIALIZED_AUTOS = YES_AGGRESSIVE;
				GCC_WARN_UNUSED_FUNCTION = YES;
				GCC_WARN_UNUSED_VARIABLE = YES;
				IPHONEOS_DEPLOYMENT_TARGET = 8.1;
				MTL_ENABLE_DEBUG_INFO = YES;
				ONLY_ACTIVE_ARCH = YES;
				SDKROOT = iphoneos;
			};
			name = Debug;
		};
		88DB8ABD1A73168400BBA941 /* Release */ = {
			isa = XCBuildConfiguration;
			buildSettings = {
				ALWAYS_SEARCH_USER_PATHS = NO;
				CLANG_CXX_LANGUAGE_STANDARD = "gnu++0x";
				CLANG_CXX_LIBRARY = "libc++";
				CLANG_ENABLE_MODULES = YES;
				CLANG_ENABLE_OBJC_ARC = YES;
				CLANG_WARN_BOOL_CONVERSION = YES;
				CLANG_WARN_CONSTANT_CONVERSION = YES;
				CLANG_WARN_DIRECT_OBJC_ISA_USAGE = YES_ERROR;
				CLANG_WARN_EMPTY_BODY = YES;
				CLANG_WARN_ENUM_CONVERSION = YES;
				CLANG_WARN_INT_CONVERSION = YES;
				CLANG_WARN_OBJC_ROOT_CLASS = YES_ERROR;
				CLANG_WARN_UNREACHABLE_CODE = YES;
				CLANG_WARN__DUPLICATE_METHOD_MATCH = YES;
				"CODE_SIGN_IDENTITY[sdk=iphoneos*]" = "iPhone Developer";
				COPY_PHASE_STRIP = YES;
				ENABLE_NS_ASSERTIONS = NO;
				ENABLE_STRICT_OBJC_MSGSEND = YES;
				GCC_C_LANGUAGE_STANDARD = gnu99;
				GCC_WARN_64_TO_32_BIT_CONVERSION = YES;
				GCC_WARN_ABOUT_RETURN_TYPE = YES_ERROR;
				GCC_WARN_UNDECLARED_SELECTOR = YES;
				GCC_WARN_UNINITIALIZED_AUTOS = YES_AGGRESSIVE;
				GCC_WARN_UNUSED_FUNCTION = YES;
				GCC_WARN_UNUSED_VARIABLE = YES;
				IPHONEOS_DEPLOYMENT_TARGET = 8.1;
				MTL_ENABLE_DEBUG_INFO = NO;
				SDKROOT = iphoneos;
				VALIDATE_PRODUCT = YES;
			};
			name = Release;
		};
		88DB8ABF1A73168400BBA941 /* Debug */ = {
			isa = XCBuildConfiguration;
			buildSettings = {
				ASSETCATALOG_COMPILER_APPICON_NAME = AppIcon;
				INFOPLIST_FILE = FingerPaintApp/Info.plist;
				LD_RUNPATH_SEARCH_PATHS = "$(inherited) @executable_path/Frameworks";
				PRODUCT_NAME = "$(TARGET_NAME)";
			};
			name = Debug;
		};
		88DB8AC01A73168400BBA941 /* Release */ = {
			isa = XCBuildConfiguration;
			buildSettings = {
				ASSETCATALOG_COMPILER_APPICON_NAME = AppIcon;
				INFOPLIST_FILE = FingerPaintApp/Info.plist;
				LD_RUNPATH_SEARCH_PATHS = "$(inherited) @executable_path/Frameworks";
				PRODUCT_NAME = "$(TARGET_NAME)";
			};
			name = Release;
		};
		88DB8AC21A73168400BBA941 /* Debug */ = {
			isa = XCBuildConfiguration;
			buildSettings = {
				BUNDLE_LOADER = "$(TEST_HOST)";
				FRAMEWORK_SEARCH_PATHS = (
					"$(SDKROOT)/Developer/Library/Frameworks",
					"$(inherited)",
				);
				GCC_PREPROCESSOR_DEFINITIONS = (
					"DEBUG=1",
					"$(inherited)",
				);
				INFOPLIST_FILE = FingerPaintAppTests/Info.plist;
				LD_RUNPATH_SEARCH_PATHS = "$(inherited) @executable_path/Frameworks @loader_path/Frameworks";
				PRODUCT_NAME = "$(TARGET_NAME)";
				TEST_HOST = "$(BUILT_PRODUCTS_DIR)/FingerPaintApp.app/FingerPaintApp";
			};
			name = Debug;
		};
		88DB8AC31A73168400BBA941 /* Release */ = {
			isa = XCBuildConfiguration;
			buildSettings = {
				BUNDLE_LOADER = "$(TEST_HOST)";
				FRAMEWORK_SEARCH_PATHS = (
					"$(SDKROOT)/Developer/Library/Frameworks",
					"$(inherited)",
				);
				INFOPLIST_FILE = FingerPaintAppTests/Info.plist;
				LD_RUNPATH_SEARCH_PATHS = "$(inherited) @executable_path/Frameworks @loader_path/Frameworks";
				PRODUCT_NAME = "$(TARGET_NAME)";
				TEST_HOST = "$(BUILT_PRODUCTS_DIR)/FingerPaintApp.app/FingerPaintApp";
			};
			name = Release;
		};
/* End XCBuildConfiguration section */

/* Begin XCConfigurationList section */
		88DB8A961A73168400BBA941 /* Build configuration list for PBXProject "FingerPaintApp" */ = {
			isa = XCConfigurationList;
			buildConfigurations = (
				88DB8ABC1A73168400BBA941 /* Debug */,
				88DB8ABD1A73168400BBA941 /* Release */,
			);
			defaultConfigurationIsVisible = 0;
			defaultConfigurationName = Release;
		};
		88DB8ABE1A73168400BBA941 /* Build configuration list for PBXNativeTarget "FingerPaintApp" */ = {
			isa = XCConfigurationList;
			buildConfigurations = (
				88DB8ABF1A73168400BBA941 /* Debug */,
				88DB8AC01A73168400BBA941 /* Release */,
			);
			defaultConfigurationIsVisible = 0;
		};
		88DB8AC11A73168400BBA941 /* Build configuration list for PBXNativeTarget "FingerPaintAppTests" */ = {
			isa = XCConfigurationList;
			buildConfigurations = (
				88DB8AC21A73168400BBA941 /* Debug */,
				88DB8AC31A73168400BBA941 /* Release */,
			);
			defaultConfigurationIsVisible = 0;
		};
/* End XCConfigurationList section */
	};
	rootObject = 88DB8A931A73168400BBA941 /* Project object */;
}
